{
  "name": "mf-parser",
  "version": "0.8.0",
  "lockfileVersion": 1,
  "requires": true,
  "dependencies": {
    "atom-sorter": {
      "version": "0.8.0",
      "requires": {
        "mf-utilities": "^0.8.0"
      },
      "dependencies": {
        "mf-utilities": {
          "version": "0.8.0",
          "bundled": true,
          "requires": {
            "chemical-elements": "^0.7.0",
            "mf-parser": "^0.8.0"
          },
          "dependencies": {
            "chemical-elements": {
              "version": "0.7.0",
              "bundled": true,
              "requires": {
                "papaparse": "^4.3.6"
              },
              "dependencies": {
                "node-fetch": {
                  "version": "2.3.0",
                  "bundled": true
                },
                "papaparse": {
                  "version": "4.3.6",
                  "bundled": true
                },
                "wikidata-sdk": {
                  "version": "5.15.9",
                  "bundled": true
                }
              }
            },
            "mf-parser": {
              "version": "0.8.0",
              "bundled": true,
              "requires": {
                "atom-sorter": "^0.8.0",
                "chemical-elements": "^0.7.0",
                "chemical-groups": "^0.8.0",
                "mf-utilities": "^0.8.0"
              },
              "dependencies": {
                "atom-sorter": {
                  "version": "0.8.0",
                  "requires": {
                    "mf-utilities": "^0.8.0"
                  },
                  "dependencies": {}
                },
                "chemical-elements": {
                  "version": "0.7.0",
                  "requires": {
                    "papaparse": "^4.3.6"
                  },
                  "dependencies": {
                    "node-fetch": {
                      "version": "2.3.0",
                      "bundled": true
                    },
                    "papaparse": {
                      "version": "4.3.6",
                      "bundled": true
                    },
                    "wikidata-sdk": {
                      "version": "5.15.9",
                      "bundled": true
                    }
                  }
                },
                "chemical-groups": {
                  "version": "0.8.0",
                  "requires": {
                    "chemical-elements": "^0.7.0",
                    "mf-parser": "^0.8.0",
                    "papaparse": "^4.3.6"
                  },
                  "dependencies": {
                    "chemical-elements": {
                      "version": "0.7.0",
                      "bundled": true,
                      "requires": {
                        "papaparse": "^4.3.6"
                      },
                      "dependencies": {
                        "node-fetch": {
                          "version": "2.3.0",
                          "bundled": true
                        },
                        "papaparse": {
                          "version": "4.3.6",
                          "bundled": true
                        },
                        "wikidata-sdk": {
                          "version": "5.15.9",
                          "bundled": true
                        }
                      }
                    },
                    "mf-parser": {
                      "version": "0.8.0",
                      "bundled": true,
                      "requires": {
                        "atom-sorter": "^0.8.0",
                        "chemical-elements": "^0.7.0",
                        "chemical-groups": "^0.8.0",
                        "mf-utilities": "^0.8.0"
                      },
                      "dependencies": {
                        "atom-sorter": {
                          "version": "0.8.0",
                          "requires": {
                            "mf-utilities": "^0.8.0"
                          },
                          "dependencies": {}
                        },
                        "chemical-elements": {
                          "version": "0.7.0",
                          "requires": {
                            "papaparse": "^4.3.6"
                          },
                          "dependencies": {}
                        },
                        "chemical-groups": {
                          "version": "0.8.0",
                          "requires": {
                            "chemical-elements": "^0.7.0",
                            "mf-parser": "^0.8.0",
                            "papaparse": "^4.3.6"
                          },
                          "dependencies": {}
                        },
                        "mf-utilities": {
                          "version": "0.8.0",
                          "requires": {
                            "chemical-elements": "^0.7.0",
                            "mf-parser": "^0.8.0"
                          },
                          "dependencies": {
                            "chemical-elements": {
                              "version": "0.7.0",
                              "bundled": true,
                              "requires": {
                                "papaparse": "^4.3.6"
                              },
                              "dependencies": {}
                            },
                            "mf-parser": {
                              "version": "0.8.0",
                              "bundled": true,
                              "requires": {
                                "atom-sorter": "^0.8.0",
                                "chemical-elements": "^0.7.0",
                                "chemical-groups": "^0.8.0",
                                "mf-utilities": "^0.8.0"
                              },
                              "dependencies": {}
                            }
                          }
                        }
                      }
                    },
                    "papaparse": {
                      "version": "4.6.0",
                      "bundled": true
                    }
                  }
                },
                "mf-utilities": {
                  "version": "0.8.0",
                  "requires": {
                    "chemical-elements": "^0.7.0",
                    "mf-parser": "^0.8.0"
                  },
                  "dependencies": {}
                }
              }
            }
          }
        }
      }
    },
    "chemical-elements": {
      "version": "0.7.0",
      "requires": {
        "papaparse": "^4.3.6"
      },
      "dependencies": {}
    },
    "chemical-groups": {
      "version": "0.8.0",
      "requires": {
        "chemical-elements": "^0.7.0",
        "mf-parser": "^0.8.0",
        "papaparse": "^4.3.6"
      },
      "dependencies": {}
    },
    "jest-matcher-deep-close-to": {
      "version": "1.3.0",
      "resolved": "https://registry.npmjs.org/jest-matcher-deep-close-to/-/jest-matcher-deep-close-to-1.3.0.tgz",
      "integrity": "sha512-Qh8PRu0elJVLNpYKXULumZ4KW+iEKbi92v8hXStaYUUk6G9K3BRe1hkqs8Y++aqVQ8YLOUvpwmCBJcxPEtddFw==",
      "dev": true
    },
    "mf-utilities": {
      "version": "0.8.0",
      "requires": {
        "chemical-elements": "^0.7.0",
        "mf-parser": "^0.8.0"
      },
      "dependencies": {}
    }
  }
}
