{
	"requires": true,
	"lockfileVersion": 1,
	"dependencies": {
		"papaparse": {
			"version": "4.6.0",
			"resolved": "https://registry.npmjs.org/papaparse/-/papaparse-4.6.0.tgz",
			"integrity": "sha512-ylm8pmgyz9rkS3Ng/ru5tHUF3JxWwKYP0aZZWZ8eCGdSxoqgYiDUXLNQei73mUJOjHw8QNu5ZNCsLoDpkMA6sg=="
		}
	}
}
