{
	"requires": true,
	"lockfileVersion": 1,
	"dependencies": {
		"isotope-abundances": {
			"version": "2.0.4",
			"resolved": "https://registry.npmjs.org/isotope-abundances/-/isotope-abundances-2.0.4.tgz",
			"integrity": "sha512-0Pidkj2SLgz2aLyPJ6nNL2+C5WKtLC1IurlK9tVnFRRjLsBMajuqkZrtFlJAKykme3yXQE+vxAXASkBj5+eCPA=="
		},
		"molecular-formula": {
			"version": "1.1.5",
			"resolved": "https://registry.npmjs.org/molecular-formula/-/molecular-formula-1.1.5.tgz",
			"integrity": "sha512-6e30+LFtp9p9IrSKMXIES3VAwFv30eZ9DZZH7xhVmMyM1vu44ZL8KcrffrwqObAF1f8Vah+ky5hFJfqrlyDmOA==",
			"requires": {
				"isotope-abundances": "^2.0.3"
			}
		}
	}
}
