{
	"requires": true,
	"lockfileVersion": 1,
	"dependencies": {
		"isotope-abundances": {
			"version": "2.0.1",
			"resolved": "https://registry.npmjs.org/isotope-abundances/-/isotope-abundances-2.0.1.tgz",
			"integrity": "sha512-h7zfTeyc7STQiseeKORw2yr94jGbl5pcOLyKP/itWMki/XYCJYfpoOAlvmG/kVswewFdGWgy0r6+Gviiqmxa0A=="
		},
		"molecular-formula": {
			"version": "1.1.0",
			"resolved": "https://registry.npmjs.org/molecular-formula/-/molecular-formula-1.1.0.tgz",
			"integrity": "sha512-6SjrDVHrMDy5+XvVa/TH9UVtEPj9k2/yejRFuyyN/rcfW8SbAzE66f0wfyUmPszX4j13qlDbtFexhFRcTIREiw==",
			"requires": {
				"isotope-abundances": "2.0.1"
			}
		}
	}
}
