{
  "requires": true,
  "lockfileVersion": 1,
  "dependencies": {
    "extend": {
      "version": "3.0.2",
      "resolved": "https://registry.npmjs.org/extend/-/extend-3.0.2.tgz",
      "integrity": "sha512-fjquC59cD7CyW6urNXK0FBufkZcoiGG80wTuPujX590cB5Ttln20E2UB4S/WARVqhXffZl2LNgS+gQdPIIim/g=="
    },
    "ml-array-normed": {
      "version": "1.0.2",
      "resolved": "https://registry.npmjs.org/ml-array-normed/-/ml-array-normed-1.0.2.tgz",
      "integrity": "sha512-09z/08V9K6JVWjb4rmLF5txCWTK3bfDZS5eakrvPF3Keed/i1BVPlbl6jmf4XLchsXGw5sn5PYIH+U/ElNd4VA=="
    },
    "ml-array-utils": {
      "version": "0.3.0",
      "resolved": "https://registry.npmjs.org/ml-array-utils/-/ml-array-utils-0.3.0.tgz",
      "integrity": "sha1-wMxa/cHLBR9ag7HOcWQcJDZy9kk=",
      "requires": {
        "ml-stat": "^1.0.1"
      }
    },
    "ml-curve-fitting": {
      "version": "0.0.7",
      "resolved": "https://registry.npmjs.org/ml-curve-fitting/-/ml-curve-fitting-0.0.7.tgz",
      "integrity": "sha1-FyKwP4wUwD9RyT0kijQM/y33Oys=",
      "requires": {
        "ml-matrix": "^2.0.0"
      }
    },
    "ml-gsd": {
      "version": "2.0.4",
      "resolved": "https://registry.npmjs.org/ml-gsd/-/ml-gsd-2.0.4.tgz",
      "integrity": "sha512-aq/1E4H7J1+PQ0PKj314c2gWulD05huPtxT74MAYYBXM2l4qUhkE50hHLzlwPuX8U4IGue0I2mIIUkFtfEDjnA==",
      "requires": {
        "ml-optimize-lorentzian": "0.1.4",
        "ml-savitzky-golay-generalized": "1.1.0"
      }
    },
    "ml-matrix": {
      "version": "2.3.0",
      "resolved": "https://registry.npmjs.org/ml-matrix/-/ml-matrix-2.3.0.tgz",
      "integrity": "sha1-30YBZwpnNQaO6abb8jwJTB0+zik=",
      "requires": {
        "ml-array-utils": "^0.3.0"
      }
    },
    "ml-optimize-lorentzian": {
      "version": "0.1.4",
      "resolved": "https://registry.npmjs.org/ml-optimize-lorentzian/-/ml-optimize-lorentzian-0.1.4.tgz",
      "integrity": "sha1-PqZtErKGh/0b/+ywpd/xByhv2o8=",
      "requires": {
        "ml-curve-fitting": "0.0.7",
        "ml-matrix": "^2.0.0"
      }
    },
    "ml-savitzky-golay-generalized": {
      "version": "1.1.0",
      "resolved": "https://registry.npmjs.org/ml-savitzky-golay-generalized/-/ml-savitzky-golay-generalized-1.1.0.tgz",
      "integrity": "sha1-ht8Q64kW7GER4JZNLyt4J23vzuM=",
      "requires": {
        "extend": "^3.0.0",
        "ml-stat": "1.1.0"
      },
      "dependencies": {
        "ml-stat": {
          "version": "1.1.0",
          "resolved": "https://registry.npmjs.org/ml-stat/-/ml-stat-1.1.0.tgz",
          "integrity": "sha1-oAyW40TatKukVqg2+0NEFH6XtfY="
        }
      }
    },
    "ml-stat": {
      "version": "1.3.3",
      "resolved": "https://registry.npmjs.org/ml-stat/-/ml-stat-1.3.3.tgz",
      "integrity": "sha1-ilSTsPZzgvv3BcJg4HBDZlWn3Po="
    }
  }
}
