{
  "requires": true,
  "lockfileVersion": 1,
  "dependencies": {
    "spectrum-generator": {
      "version": "1.0.0",
      "resolved": "https://registry.npmjs.org/spectrum-generator/-/spectrum-generator-1.0.0.tgz",
      "integrity": "sha512-WVB5kH3YUKeMzLtFSOCiR21wWiBp2/8HLaeru5UHFR14FAAKZwZdGC0dNQD87TdfVdW6Cbc/biqUg132GLJUaA=="
    }
  }
}
