{
  "name": "isotopic-distribution",
  "version": "0.5.2",
  "lockfileVersion": 1,
  "requires": true,
  "dependencies": {
    "chemical-elements": {
      "version": "0.5.2",
      "resolved": "https://registry.npmjs.org/chemical-elements/-/chemical-elements-0.5.2.tgz",
      "integrity": "sha512-iLN90Kj9unKc6Harp4w6BsLONTGByo5SYqUyEWdSrl4ydtKmL/LAUDZ4W351L6bffxFuXG2TGUD5Z2i7I1LKWQ==",
      "requires": {
        "mf-parser": "0.5.2",
        "mf-utilities": "0.5.2",
        "papaparse": "4.3.7"
      },
      "dependencies": {
        "papaparse": {
          "version": "4.3.7",
          "resolved": "https://registry.npmjs.org/papaparse/-/papaparse-4.3.7.tgz",
          "integrity": "sha1-7R5xgzINHgg53+n3GGGFz8UJe40="
        }
      }
    },
    "mf-parser": {
      "version": "0.5.2",
      "resolved": "https://registry.npmjs.org/mf-parser/-/mf-parser-0.5.2.tgz",
      "integrity": "sha512-NhWCagJH0aKeJdjN7Lvbdr//x+RqZJFR5sjTAarLoxZPRfYPeWGlQGh+XW+RdYplwTJOiDtRznyoxGjqow0MFA==",
      "requires": {
        "atom-sorter": "0.5.2",
        "chemical-elements": "0.5.2",
        "mf-utilities": "0.5.2"
      },
      "dependencies": {
        "atom-sorter": {
          "version": "0.5.2",
          "resolved": "https://registry.npmjs.org/atom-sorter/-/atom-sorter-0.5.2.tgz",
          "integrity": "sha512-8l8LlkIJ8VdoSgg90T6DJdMqMJhrb3G1R4D09g10KwRdzN6+Rdsy0XWDR8sghVpJp6Ig1MA9KPNKdooZpBl9Sw==",
          "requires": {
            "mf-utilities": "0.5.2"
          }
        }
      }
    },
    "mf-utilities": {
      "version": "0.5.2",
      "resolved": "https://registry.npmjs.org/mf-utilities/-/mf-utilities-0.5.2.tgz",
      "integrity": "sha512-oeB9sz4DXqQx6D6e/5CEGYQXKXAC9KGxlmqLyi7J0NHpgiUQfcB9fuwZX6Yo0acBsLfNkP6EtvbFoRP0obTiXA==",
      "requires": {
        "chemical-elements": "0.5.2",
        "mf-parser": "0.5.2"
      }
    },
    "spectrum-generator": {
      "version": "1.0.1",
      "resolved": "https://registry.npmjs.org/spectrum-generator/-/spectrum-generator-1.0.1.tgz",
      "integrity": "sha512-p5wwCn0IvMqB1RXEI9qr7FkAhymH869qtVE6ET5Arxx49NM+kDeozhmOlcglrEfUIj4KeUg40qx1+pQ13+07xg=="
    }
  }
}
