{
  "name": "molecular-formula-generator",
  "version": "0.0.0",
  "lockfileVersion": 1,
  "requires": true,
  "dependencies": {
    "mf-parser": {
      "version": "0.0.0",
      "requires": {
        "atom-sorter": "0.0.0"
      },
      "dependencies": {
        "atom-sorter": {
          "version": "0.0.0",
          "bundled": true
        },
        "chemical-elements": {
          "version": "0.4.1",
          "bundled": true
        }
      }
    }
  }
}
