{
	"name": "emdb",
	"version": "0.11.0",
	"lockfileVersion": 1,
	"requires": true,
	"dependencies": {
		"core-js": {
			"version": "2.3.0",
			"resolved": "http://registry.npmjs.org/core-js/-/core-js-2.3.0.tgz",
			"integrity": "sha1-+rg/uwstjchfpjbEudNMdUIMbWU="
		},
		"core-util-is": {
			"version": "1.0.2",
			"resolved": "https://registry.npmjs.org/core-util-is/-/core-util-is-1.0.2.tgz",
			"integrity": "sha1-tf1UIgqivFq1eqtxQMlAdUUDwac="
		},
		"es6-promise": {
			"version": "3.0.2",
			"resolved": "http://registry.npmjs.org/es6-promise/-/es6-promise-3.0.2.tgz",
			"integrity": "sha1-AQ1YWEI6XxGJeWZfRkhqlcbuK7Y="
		},
		"immediate": {
			"version": "3.0.6",
			"resolved": "https://registry.npmjs.org/immediate/-/immediate-3.0.6.tgz",
			"integrity": "sha1-nbHb0Pr43m++D13V5Wu2BigN5ps="
		},
		"inherits": {
			"version": "2.0.3",
			"resolved": "https://registry.npmjs.org/inherits/-/inherits-2.0.3.tgz",
			"integrity": "sha1-Yzwsg+PaQqUC9SRmAiSA9CCCYd4="
		},
		"ip-regex": {
			"version": "3.0.0",
			"resolved": "https://registry.npmjs.org/ip-regex/-/ip-regex-3.0.0.tgz",
			"integrity": "sha512-T8wDtjy+Qf2TAPDQmBp0eGKJ8GavlWlUnamr3wRn6vvdZlKVuJXXMlSncYFRYgVHOM3If5NR1H4+OvVQU9Idvg=="
		},
		"is-any-array": {
			"version": "0.0.3",
			"resolved": "https://registry.npmjs.org/is-any-array/-/is-any-array-0.0.3.tgz",
			"integrity": "sha512-Lr5SRykZv6uuYMZURz7+YpigT1ziTBHOTgFJ1zK7gL+9Wbet5Ha1ws6S84Jo/lH4zep02b95sk6o4+MTk97mPQ=="
		},
		"isarray": {
			"version": "1.0.0",
			"resolved": "https://registry.npmjs.org/isarray/-/isarray-1.0.0.tgz",
			"integrity": "sha1-u5NdSFgsuhaMBoNJV6VKPgcSTxE="
		},
		"jszip": {
			"version": "3.1.5",
			"resolved": "https://registry.npmjs.org/jszip/-/jszip-3.1.5.tgz",
			"integrity": "sha512-5W8NUaFRFRqTOL7ZDDrx5qWHJyBXy6velVudIzQUSoqAAYqzSh2Z7/m0Rf1QbmQJccegD0r+YZxBjzqoBiEeJQ==",
			"requires": {
				"core-js": "~2.3.0",
				"es6-promise": "~3.0.2",
				"lie": "~3.1.0",
				"pako": "~1.0.2",
				"readable-stream": "~2.0.6"
			}
		},
		"lie": {
			"version": "3.1.1",
			"resolved": "https://registry.npmjs.org/lie/-/lie-3.1.1.tgz",
			"integrity": "sha1-mkNrLMd0bKWd56QfpGmz77dr2H4=",
			"requires": {
				"immediate": "~3.0.5"
			}
		},
		"lodash": {
			"version": "4.17.11",
			"resolved": "https://registry.npmjs.org/lodash/-/lodash-4.17.11.tgz",
			"integrity": "sha512-cQKh8igo5QUhZ7lg38DYWAxMvjSAKG0A8wGSVimP07SIUEK2UO+arSRKbRZWtelMtN5V0Hkwh5ryOto/SshYIg=="
		},
		"median-quickselect": {
			"version": "1.0.1",
			"resolved": "https://registry.npmjs.org/median-quickselect/-/median-quickselect-1.0.1.tgz",
			"integrity": "sha1-3jQIA1pbLwQ4o5uZiT+vPn1hd/g="
		},
		"ml-array-max": {
			"version": "1.1.1",
			"resolved": "https://registry.npmjs.org/ml-array-max/-/ml-array-max-1.1.1.tgz",
			"integrity": "sha512-lEtVH02mkRESnwCq6y0w8rrnRltwlEmYKRuYNZGSmpiqL+TcHc1Z/kn73Ga9L3iFtyYOtmdLGug0ufGy0xbfmw==",
			"requires": {
				"is-any-array": "^0.0.3"
			}
		},
		"ml-array-median": {
			"version": "1.1.1",
			"resolved": "https://registry.npmjs.org/ml-array-median/-/ml-array-median-1.1.1.tgz",
			"integrity": "sha512-a9u56ER3iG38kZhDg1qgX9WXBJF4vS74nwdQ5puKPnqFW4cRG/4spPE+N3gHMDnvLu34iX3thDuQYH9Sf+Afww==",
			"requires": {
				"is-any-array": "^0.0.3",
				"median-quickselect": "^1.0.1"
			}
		},
		"ml-array-min": {
			"version": "1.1.1",
			"resolved": "https://registry.npmjs.org/ml-array-min/-/ml-array-min-1.1.1.tgz",
			"integrity": "sha512-xwUm80ktZLoKMK5j0yilCM8/X07KaW/yvnBiqxPxLRkzIEqK2NA2lHw5uvDpfEYYBUzZbMIG/jHDum+YrjKvPg==",
			"requires": {
				"is-any-array": "^0.0.3"
			}
		},
		"ml-regression-base": {
			"version": "2.0.1",
			"resolved": "https://registry.npmjs.org/ml-regression-base/-/ml-regression-base-2.0.1.tgz",
			"integrity": "sha512-aZGe0DxeyLYPKT4343gzcILJJXrq56FtuMmb4ZafTl9NP9ZEhrjJ9GGkF+yc9CxLJ5Ba7Uc2zAZeLtQ4JokN8g=="
		},
		"ml-regression-theil-sen": {
			"version": "2.0.0",
			"resolved": "https://registry.npmjs.org/ml-regression-theil-sen/-/ml-regression-theil-sen-2.0.0.tgz",
			"integrity": "sha512-RO//tYzo69XbWDO5LIPdGp8ef1MSTPPJY0bXNlmOLMSay7YR9FQqtNgqn29T9DSYTa863VAafRlCeXwDQNXkBw==",
			"requires": {
				"ml-array-median": "^1.1.1",
				"ml-regression-base": "^2.0.1"
			}
		},
		"ml-stat": {
			"version": "1.3.3",
			"resolved": "https://registry.npmjs.org/ml-stat/-/ml-stat-1.3.3.tgz",
			"integrity": "sha1-ilSTsPZzgvv3BcJg4HBDZlWn3Po="
		},
		"pako": {
			"version": "1.0.7",
			"resolved": "https://registry.npmjs.org/pako/-/pako-1.0.7.tgz",
			"integrity": "sha512-3HNK5tW4x8o5mO8RuHZp3Ydw9icZXx0RANAOMzlMzx7LVXhMJ4mo3MOBpzyd7r/+RUu8BmndP47LXT+vzjtWcQ=="
		},
		"peaks-similarity": {
			"version": "2.3.1",
			"resolved": "https://registry.npmjs.org/peaks-similarity/-/peaks-similarity-2.3.1.tgz",
			"integrity": "sha512-HzLoYQ21RZcIxPvx7pB+xVzYEp+vQTwfYselbkxT1+xdKK3NA+/OhpbcxUyrjnM+1I4thz1cAvdSme3g38RQtg==",
			"requires": {
				"ml-stat": "^1.2.0"
			}
		},
		"peptide": {
			"version": "1.8.0",
			"resolved": "https://registry.npmjs.org/peptide/-/peptide-1.8.0.tgz",
			"integrity": "sha512-fIU1CHESvd1TBQ283ZU/4NE89KbpzftYlPdLqoGhU0G48QjJ5nRDI0B/9TLEEnht1XSscFRKCrF07fu6bT9qzg=="
		},
		"process-nextick-args": {
			"version": "1.0.7",
			"resolved": "https://registry.npmjs.org/process-nextick-args/-/process-nextick-args-1.0.7.tgz",
			"integrity": "sha1-FQ4gt1ZZCtP5EJPyWk8q2L/zC6M="
		},
		"psl": {
			"version": "1.1.31",
			"resolved": "https://registry.npmjs.org/psl/-/psl-1.1.31.tgz",
			"integrity": "sha512-/6pt4+C+T+wZUieKR620OpzN/LlnNKuWjy1iFLQ/UG35JqHlR/89MP1d96dUfkf6Dne3TuLQzOYEYshJ+Hx8mw=="
		},
		"punycode": {
			"version": "2.1.1",
			"resolved": "https://registry.npmjs.org/punycode/-/punycode-2.1.1.tgz",
			"integrity": "sha512-XRsRjdf+j5ml+y/6GKHPZbrF/8p2Yga0JPtdqTIY2Xe5ohJPD9saDJJLPvp9+NSBprVvevdXZybnj2cv8OEd0A=="
		},
		"readable-stream": {
			"version": "2.0.6",
			"resolved": "http://registry.npmjs.org/readable-stream/-/readable-stream-2.0.6.tgz",
			"integrity": "sha1-j5A0HmilPMySh4jaz80Rs265t44=",
			"requires": {
				"core-util-is": "~1.0.0",
				"inherits": "~2.0.1",
				"isarray": "~1.0.0",
				"process-nextick-args": "~1.0.6",
				"string_decoder": "~0.10.x",
				"util-deprecate": "~1.0.1"
			}
		},
		"request-promise-core": {
			"version": "1.1.1",
			"resolved": "https://registry.npmjs.org/request-promise-core/-/request-promise-core-1.1.1.tgz",
			"integrity": "sha1-Pu4AssWqgyOc+wTFcA2jb4HNCLY=",
			"requires": {
				"lodash": "^4.13.1"
			}
		},
		"request-promise-native": {
			"version": "1.0.5",
			"resolved": "https://registry.npmjs.org/request-promise-native/-/request-promise-native-1.0.5.tgz",
			"integrity": "sha1-UoF3D2jgyXGeUWP9P6tIIhX0/aU=",
			"requires": {
				"request-promise-core": "1.1.1",
				"stealthy-require": "^1.1.0",
				"tough-cookie": ">=2.3.3"
			}
		},
		"stealthy-require": {
			"version": "1.1.1",
			"resolved": "https://registry.npmjs.org/stealthy-require/-/stealthy-require-1.1.1.tgz",
			"integrity": "sha1-NbCYdbT/SfJqd35QmzCQoyJr8ks="
		},
		"string_decoder": {
			"version": "0.10.31",
			"resolved": "http://registry.npmjs.org/string_decoder/-/string_decoder-0.10.31.tgz",
			"integrity": "sha1-YuIDvEF2bGwoyfyEMB2rHFMQ+pQ="
		},
		"tough-cookie": {
			"version": "3.0.0",
			"resolved": "https://registry.npmjs.org/tough-cookie/-/tough-cookie-3.0.0.tgz",
			"integrity": "sha512-LHMvg+RBP/mAVNqVbOX8t+iJ+tqhBA/t49DuI7+IDAWHrASnesqSu1vWbKB7UrE2yk+HMFUBMadRGMkB4VCfog==",
			"requires": {
				"ip-regex": "^3.0.0",
				"psl": "^1.1.28",
				"punycode": "^2.1.1"
			}
		},
		"util-deprecate": {
			"version": "1.0.2",
			"resolved": "https://registry.npmjs.org/util-deprecate/-/util-deprecate-1.0.2.tgz",
			"integrity": "sha1-RQ1Nyfpw3nMnYvvS1KKJgUGaDM8="
		}
	}
}
