{
	"name": "mf-generator",
	"version": "0.5.0",
	"lockfileVersion": 1,
	"requires": true,
	"dependencies": {
		"chemical-elements": {
			"version": "0.5.0",
			"resolved": "https://registry.npmjs.org/chemical-elements/-/chemical-elements-0.5.0.tgz",
			"integrity": "sha512-VThMm6XcZBJJt8MWmG2BRrUKFWzV6OGscBzOY28cnmSVHPhxcTCzhNXhYe1E01fClF23tgUPvnR/1RsKxm3Hfg==",
			"requires": {
				"mf-parser": "0.5.0",
				"papaparse": "4.3.6"
			},
			"dependencies": {
				"papaparse": {
					"version": "4.3.6",
					"resolved": "https://registry.npmjs.org/papaparse/-/papaparse-4.3.6.tgz",
					"integrity": "sha1-lWbtoOyrE6/LdApiOBxpn0hssUU="
				}
			}
		},
		"mf-matcher": {
			"version": "0.5.0",
			"resolved": "https://registry.npmjs.org/mf-matcher/-/mf-matcher-0.5.0.tgz",
			"integrity": "sha512-ndZDjhoKX/+1Cse8aaqcD3dPcaHcZiAJ2tiUD1y2lDHxjEJyvZlOLOWNPPq7lnwAAX0upcw9dDhaUIU59mjZ1g=="
		},
		"mf-parser": {
			"version": "0.5.0",
			"resolved": "https://registry.npmjs.org/mf-parser/-/mf-parser-0.5.0.tgz",
			"integrity": "sha512-QcmdnAzaHzAY00nOBbT4SV9VJC1CfJIHOgGr2geGGQV48i5jJM9tv0VdpHCl7LkJgLS5/cgjbezChkGCQbCYEg==",
			"requires": {
				"atom-sorter": "0.5.0",
				"chemical-elements": "0.5.0"
			},
			"dependencies": {
				"atom-sorter": {
					"version": "0.5.0",
					"resolved": "https://registry.npmjs.org/atom-sorter/-/atom-sorter-0.5.0.tgz",
					"integrity": "sha512-y+46+XjOBkUUDJI+UCbSlcPDndLZWqfz49UM+H0ZiZd6Taq6OUOvIkcHBtbGaDH3kptWx6XCz9qa/cNFZOLMFg=="
				}
			}
		},
		"sum-object-keys": {
			"version": "1.0.2",
			"resolved": "https://registry.npmjs.org/sum-object-keys/-/sum-object-keys-1.0.2.tgz",
			"integrity": "sha512-ii+z8zlKwTeVoidaFv6g2kQuhxq4L2GHFMglZsYrKCcwmMBtNlr/V2K1zlgkopNMmuMOheNV0dVKc5Sf/WdhEw=="
		}
	}
}
