{
	"name": "mf-generator",
	"version": "0.6.3",
	"lockfileVersion": 1,
	"requires": true,
	"dependencies": {
		"sum-object-keys": {
			"version": "1.0.2",
			"resolved": "https://registry.npmjs.org/sum-object-keys/-/sum-object-keys-1.0.2.tgz",
			"integrity": "sha512-ii+z8zlKwTeVoidaFv6g2kQuhxq4L2GHFMglZsYrKCcwmMBtNlr/V2K1zlgkopNMmuMOheNV0dVKc5Sf/WdhEw=="
		}
	}
}
